lockfileVersion: '9.0'

settings:
  autoInstallPeers: true
  excludeLinksFromLockfile: false

importers:

  .:
    dependencies:
      '@stripe/stripe-js':
        specifier: ^7.4.0
        version: 7.4.0

packages:

  '@stripe/stripe-js@7.4.0':
    resolution: {integrity: sha512-lQHQPfXPTBeh0XFjq6PqSBAyR7umwcJbvJhXV77uGCUDD6ymXJU/f2164ydLMLCCceNuPlbV9b+1smx98efwWQ==}
    engines: {node: '>=12.16'}

snapshots:

  '@stripe/stripe-js@7.4.0': {}
